// !$*UTF8*$!
{
	archiveVersion = 1;
	classes = {
	};
	objectVersion = 46;
	objects = {

/* Begin PBXBuildFile section */
		690AC8071ECB7FBF00F4D628 /* Cocoa.framework in Frameworks */ = {isa = PBXBuildFile; fileRef = 690AC8061ECB7FBF00F4D628 /* Cocoa.framework */; };
		B3008AF01ECB387200F6385F /* AppDelegate.m in Sources */ = {isa = PBXBuildFile; fileRef = B3008AEF1ECB387200F6385F /* AppDelegate.m */; };
		B3008AF31ECB387200F6385F /* main.m in Sources */ = {isa = PBXBuildFile; fileRef = B3008AF21ECB387200F6385F /* main.m */; };
		B3008AF61ECB387200F6385F /* ViewController.m in Sources */ = {isa = PBXBuildFile; fileRef = B3008AF51ECB387200F6385F /* ViewController.m */; };
		B3008AF81ECB387200F6385F /* Assets.xcassets in Resources */ = {isa = PBXBuildFile; fileRef = B3008AF71ECB387200F6385F /* Assets.xcassets */; };
		B3008AFB1ECB387200F6385F /* Main.storyboard in Resources */ = {isa = PBXBuildFile; fileRef = B3008AF91ECB387200F6385F /* Main.storyboard */; };
		B3008B061ECB387200F6385F /* focus_stackTests.m in Sources */ = {isa = PBXBuildFile; fileRef = B3008B051ECB387200F6385F /* focus_stackTests.m */; };
		B3008B111ECB387200F6385F /* focus_stackUITests.m in Sources */ = {isa = PBXBuildFile; fileRef = B3008B101ECB387200F6385F /* focus_stackUITests.m */; };
/* End PBXBuildFile section */

/* Begin PBXContainerItemProxy section */
		B3008B021ECB387200F6385F /* PBXContainerItemProxy */ = {
			isa = PBXContainerItemProxy;
			containerPortal = B3008AE31ECB387200F6385F /* Project object */;
			proxyType = 1;
			remoteGlobalIDString = B3008AEA1ECB387200F6385F;
			remoteInfo = focus_stack;
		};
		B3008B0D1ECB387200F6385F /* PBXContainerItemProxy */ = {
			isa = PBXContainerItemProxy;
			containerPortal = B3008AE31ECB387200F6385F /* Project object */;
			proxyType = 1;
			remoteGlobalIDString = B3008AEA1ECB387200F6385F;
			remoteInfo = focus_stack;
		};
/* End PBXContainerItemProxy section */

/* Begin PBXFileReference section */
		690AC8061ECB7FBF00F4D628 /* Cocoa.framework */ = {isa = PBXFileReference; lastKnownFileType = wrapper.framework; name = Cocoa.framework; path = System/Library/Frameworks/Cocoa.framework; sourceTree = SDKROOT; };
		690AC8081ECB7FCD00F4D628 /* Quartz.framework */ = {isa = PBXFileReference; lastKnownFileType = wrapper.framework; name = Quartz.framework; path = System/Library/Frameworks/Quartz.framework; sourceTree = SDKROOT; };
		B3008AEB1ECB387200F6385F /* focus_stack.app */ = {isa = PBXFileReference; explicitFileType = wrapper.application; includeInIndex = 0; path = focus_stack.app; sourceTree = BUILT_PRODUCTS_DIR; };
		B3008AEE1ECB387200F6385F /* AppDelegate.h */ = {isa = PBXFileReference; lastKnownFileType = sourcecode.c.h; path = AppDelegate.h; sourceTree = "<group>"; };
		B3008AEF1ECB387200F6385F /* AppDelegate.m */ = {isa = PBXFileReference; lastKnownFileType = sourcecode.c.objc; path = AppDelegate.m; sourceTree = "<group>"; };
		B3008AF21ECB387200F6385F /* main.m */ = {isa = PBXFileReference; lastKnownFileType = sourcecode.c.objc; path = main.m; sourceTree = "<group>"; };
		B3008AF41ECB387200F6385F /* ViewController.h */ = {isa = PBXFileReference; lastKnownFileType = sourcecode.c.h; path = ViewController.h; sourceTree = "<group>"; };
		B3008AF51ECB387200F6385F /* ViewController.m */ = {isa = PBXFileReference; lastKnownFileType = sourcecode.c.objc; path = ViewController.m; sourceTree = "<group>"; };
		B3008AF71ECB387200F6385F /* Assets.xcassets */ = {isa = PBXFileReference; lastKnownFileType = folder.assetcatalog; path = Assets.xcassets; sourceTree = "<group>"; };
		B3008AFA1ECB387200F6385F /* Base */ = {isa = PBXFileReference; lastKnownFileType = file.storyboard; name = Base; path = Base.lproj/Main.storyboard; sourceTree = "<group>"; };
		B3008AFC1ECB387200F6385F /* Info.plist */ = {isa = PBXFileReference; lastKnownFileType = text.plist.xml; path = Info.plist; sourceTree = "<group>"; };
		B3008B011ECB387200F6385F /* focus_stackTests.xctest */ = {isa = PBXFileReference; explicitFileType = wrapper.cfbundle; includeInIndex = 0; path = focus_stackTests.xctest; sourceTree = BUILT_PRODUCTS_DIR; };
		B3008B051ECB387200F6385F /* focus_stackTests.m */ = {isa = PBXFileReference; lastKnownFileType = sourcecode.c.objc; path = focus_stackTests.m; sourceTree = "<group>"; };
		B3008B071ECB387200F6385F /* Info.plist */ = {isa = PBXFileReference; lastKnownFileType = text.plist.xml; path = Info.plist; sourceTree = "<group>"; };
		B3008B0C1ECB387200F6385F /* focus_stackUITests.xctest */ = {isa = PBXFileReference; explicitFileType = wrapper.cfbundle; includeInIndex = 0; path = focus_stackUITests.xctest; sourceTree = BUILT_PRODUCTS_DIR; };
		B3008B101ECB387200F6385F /* focus_stackUITests.m */ = {isa = PBXFileReference; lastKnownFileType = sourcecode.c.objc; path = focus_stackUITests.m; sourceTree = "<group>"; };
		B3008B121ECB387200F6385F /* Info.plist */ = {isa = PBXFileReference; lastKnownFileType = text.plist.xml; path = Info.plist; sourceTree = "<group>"; };
/* End PBXFileReference section */

/* Begin PBXFrameworksBuildPhase section */
		B3008AE81ECB387200F6385F /* Frameworks */ = {
			isa = PBXFrameworksBuildPhase;
			buildActionMask = 2147483647;
			files = (
				690AC8071ECB7FBF00F4D628 /* Cocoa.framework in Frameworks */,
			);
			runOnlyForDeploymentPostprocessing = 0;
		};
		B3008AFE1ECB387200F6385F /* Frameworks */ = {
			isa = PBXFrameworksBuildPhase;
			buildActionMask = 2147483647;
			files = (
			);
			runOnlyForDeploymentPostprocessing = 0;
		};
		B3008B091ECB387200F6385F /* Frameworks */ = {
			isa = PBXFrameworksBuildPhase;
			buildActionMask = 2147483647;
			files = (
			);
			runOnlyForDeploymentPostprocessing = 0;
		};
/* End PBXFrameworksBuildPhase section */

/* Begin PBXGroup section */
		B3008AE21ECB387200F6385F = {
			isa = PBXGroup;
			children = (
				690AC8081ECB7FCD00F4D628 /* Quartz.framework */,
				690AC8061ECB7FBF00F4D628 /* Cocoa.framework */,
				B3008AED1ECB387200F6385F /* focus_stack */,
				B3008B041ECB387200F6385F /* focus_stackTests */,
				B3008B0F1ECB387200F6385F /* focus_stackUITests */,
				B3008AEC1ECB387200F6385F /* Products */,
			);
			sourceTree = "<group>";
		};
		B3008AEC1ECB387200F6385F /* Products */ = {
			isa = PBXGroup;
			children = (
				B3008AEB1ECB387200F6385F /* focus_stack.app */,
				B3008B011ECB387200F6385F /* focus_stackTests.xctest */,
				B3008B0C1ECB387200F6385F /* focus_stackUITests.xctest */,
			);
			name = Products;
			sourceTree = "<group>";
		};
		B3008AED1ECB387200F6385F /* focus_stack */ = {
			isa = PBXGroup;
			children = (
				B3008AEE1ECB387200F6385F /* AppDelegate.h */,
				B3008AEF1ECB387200F6385F /* AppDelegate.m */,
				B3008AF41ECB387200F6385F /* ViewController.h */,
				B3008AF51ECB387200F6385F /* ViewController.m */,
				B3008AF71ECB387200F6385F /* Assets.xcassets */,
				B3008AF91ECB387200F6385F /* Main.storyboard */,
				B3008AFC1ECB387200F6385F /* Info.plist */,
				B3008AF11ECB387200F6385F /* Supporting Files */,
			);
			path = focus_stack;
			sourceTree = "<group>";
		};
		B3008AF11ECB387200F6385F /* Supporting Files */ = {
			isa = PBXGroup;
			children = (
				B3008AF21ECB387200F6385F /* main.m */,
			);
			name = "Supporting Files";
			sourceTree = "<group>";
		};
		B3008B041ECB387200F6385F /* focus_stackTests */ = {
			isa = PBXGroup;
			children = (
				B3008B051ECB387200F6385F /* focus_stackTests.m */,
				B3008B071ECB387200F6385F /* Info.plist */,
			);
			path = focus_stackTests;
			sourceTree = "<group>";
		};
		B3008B0F1ECB387200F6385F /* focus_stackUITests */ = {
			isa = PBXGroup;
			children = (
				B3008B101ECB387200F6385F /* focus_stackUITests.m */,
				B3008B121ECB387200F6385F /* Info.plist */,
			);
			path = focus_stackUITests;
			sourceTree = "<group>";
		};
/* End PBXGroup section */

/* Begin PBXNativeTarget section */
		B3008AEA1ECB387200F6385F /* focus_stack */ = {
			isa = PBXNativeTarget;
			buildConfigurationList = B3008B151ECB387200F6385F /* Build configuration list for PBXNativeTarget "focus_stack" */;
			buildPhases = (
				B3008AE71ECB387200F6385F /* Sources */,
				B3008AE81ECB387200F6385F /* Frameworks */,
				B3008AE91ECB387200F6385F /* Resources */,
			);
			buildRules = (
			);
			dependencies = (
			);
			name = focus_stack;
			productName = focus_stack;
			productReference = B3008AEB1ECB387200F6385F /* focus_stack.app */;
			productType = "com.apple.product-type.application";
		};
		B3008B001ECB387200F6385F /* focus_stackTests */ = {
			isa = PBXNativeTarget;
			buildConfigurationList = B3008B181ECB387200F6385F /* Build configuration list for PBXNativeTarget "focus_stackTests" */;
			buildPhases = (
				B3008AFD1ECB387200F6385F /* Sources */,
				B3008AFE1ECB387200F6385F /* Frameworks */,
				B3008AFF1ECB387200F6385F /* Resources */,
			);
			buildRules = (
			);
			dependencies = (
				B3008B031ECB387200F6385F /* PBXTargetDependency */,
			);
			name = focus_stackTests;
			productName = focus_stackTests;
			productReference = B3008B011ECB387200F6385F /* focus_stackTests.xctest */;
			productType = "com.apple.product-type.bundle.unit-test";
		};
		B3008B0B1ECB387200F6385F /* focus_stackUITests */ = {
			isa = PBXNativeTarget;
			buildConfigurationList = B3008B1B1ECB387200F6385F /* Build configuration list for PBXNativeTarget "focus_stackUITests" */;
			buildPhases = (
				B3008B081ECB387200F6385F /* Sources */,
				B3008B091ECB387200F6385F /* Frameworks */,
				B3008B0A1ECB387200F6385F /* Resources */,
			);
			buildRules = (
			);
			dependencies = (
				B3008B0E1ECB387200F6385F /* PBXTargetDependency */,
			);
			name = focus_stackUITests;
			productName = focus_stackUITests;
			productReference = B3008B0C1ECB387200F6385F /* focus_stackUITests.xctest */;
			productType = "com.apple.product-type.bundle.ui-testing";
		};
/* End PBXNativeTarget section */

/* Begin PBXProject section */
		B3008AE31ECB387200F6385F /* Project object */ = {
			isa = PBXProject;
			attributes = {
				LastUpgradeCheck = 0830;
				ORGANIZATIONNAME = "John Boyer";
				TargetAttributes = {
					B3008AEA1ECB387200F6385F = {
						CreatedOnToolsVersion = 8.3.2;
						DevelopmentTeam = 995ALN287J;
						ProvisioningStyle = Automatic;
					};
					B3008B001ECB387200F6385F = {
						CreatedOnToolsVersion = 8.3.2;
						DevelopmentTeam = 995ALN287J;
						ProvisioningStyle = Automatic;
						TestTargetID = B3008AEA1ECB387200F6385F;
					};
					B3008B0B1ECB387200F6385F = {
						CreatedOnToolsVersion = 8.3.2;
						DevelopmentTeam = 995ALN287J;
						ProvisioningStyle = Automatic;
						TestTargetID = B3008AEA1ECB387200F6385F;
					};
				};
			};
			buildConfigurationList = B3008AE61ECB387200F6385F /* Build configuration list for PBXProject "focus_stack" */;
			compatibilityVersion = "Xcode 3.2";
			developmentRegion = English;
			hasScannedForEncodings = 0;
			knownRegions = (
				en,
				Base,
			);
			mainGroup = B3008AE21ECB387200F6385F;
			productRefGroup = B3008AEC1ECB387200F6385F /* Products */;
			projectDirPath = "";
			projectRoot = "";
			targets = (
				B3008AEA1ECB387200F6385F /* focus_stack */,
				B3008B001ECB387200F6385F /* focus_stackTests */,
				B3008B0B1ECB387200F6385F /* focus_stackUITests */,
			);
		};
/* End PBXProject section */

/* Begin PBXResourcesBuildPhase section */
		B3008AE91ECB387200F6385F /* Resources */ = {
			isa = PBXResourcesBuildPhase;
			buildActionMask = 2147483647;
			files = (
				B3008AF81ECB387200F6385F /* Assets.xcassets in Resources */,
				B3008AFB1ECB387200F6385F /* Main.storyboard in Resources */,
			);
			runOnlyForDeploymentPostprocessing = 0;
		};
		B3008AFF1ECB387200F6385F /* Resources */ = {
			isa = PBXResourcesBuildPhase;
			buildActionMask = 2147483647;
			files = (
			);
			runOnlyForDeploymentPostprocessing = 0;
		};
		B3008B0A1ECB387200F6385F /* Resources */ = {
			isa = PBXResourcesBuildPhase;
			buildActionMask = 2147483647;
			files = (
			);
			runOnlyForDeploymentPostprocessing = 0;
		};
/* End PBXResourcesBuildPhase section */

/* Begin PBXSourcesBuildPhase section */
		B3008AE71ECB387200F6385F /* Sources */ = {
			isa = PBXSourcesBuildPhase;
			buildActionMask = 2147483647;
			files = (
				B3008AF61ECB387200F6385F /* ViewController.m in Sources */,
				B3008AF31ECB387200F6385F /* main.m in Sources */,
				B3008AF01ECB387200F6385F /* AppDelegate.m in Sources */,
			);
			runOnlyForDeploymentPostprocessing = 0;
		};
		B3008AFD1ECB387200F6385F /* Sources */ = {
			isa = PBXSourcesBuildPhase;
			buildActionMask = 2147483647;
			files = (
				B3008B061ECB387200F6385F /* focus_stackTests.m in Sources */,
			);
			runOnlyForDeploymentPostprocessing = 0;
		};
		B3008B081ECB387200F6385F /* Sources */ = {
			isa = PBXSourcesBuildPhase;
			buildActionMask = 2147483647;
			files = (
				B3008B111ECB387200F6385F /* focus_stackUITests.m in Sources */,
			);
			runOnlyForDeploymentPostprocessing = 0;
		};
/* End PBXSourcesBuildPhase section */

/* Begin PBXTargetDependency section */
		B3008B031ECB387200F6385F /* PBXTargetDependency */ = {
			isa = PBXTargetDependency;
			target = B3008AEA1ECB387200F6385F /* focus_stack */;
			targetProxy = B3008B021ECB387200F6385F /* PBXContainerItemProxy */;
		};
		B3008B0E1ECB387200F6385F /* PBXTargetDependency */ = {
			isa = PBXTargetDependency;
			target = B3008AEA1ECB387200F6385F /* focus_stack */;
			targetProxy = B3008B0D1ECB387200F6385F /* PBXContainerItemProxy */;
		};
/* End PBXTargetDependency section */

/* Begin PBXVariantGroup section */
		B3008AF91ECB387200F6385F /* Main.storyboard */ = {
			isa = PBXVariantGroup;
			children = (
				B3008AFA1ECB387200F6385F /* Base */,
			);
			name = Main.storyboard;
			sourceTree = "<group>";
		};
/* End PBXVariantGroup section */

/* Begin XCBuildConfiguration section */
		B3008B131ECB387200F6385F /* Debug */ = {
			isa = XCBuildConfiguration;
			buildSettings = {
				ALWAYS_SEARCH_USER_PATHS = NO;
				CLANG_ANALYZER_NONNULL = YES;
				CLANG_ANALYZER_NUMBER_OBJECT_CONVERSION = YES_AGGRESSIVE;
				CLANG_CXX_LANGUAGE_STANDARD = "gnu++0x";
				CLANG_CXX_LIBRARY = "libc++";
				CLANG_ENABLE_MODULES = YES;
				CLANG_ENABLE_OBJC_ARC = YES;
				CLANG_WARN_BOOL_CONVERSION = YES;
				CLANG_WARN_CONSTANT_CONVERSION = YES;
				CLANG_WARN_DIRECT_OBJC_ISA_USAGE = YES_ERROR;
				CLANG_WARN_DOCUMENTATION_COMMENTS = YES;
				CLANG_WARN_EMPTY_BODY = YES;
				CLANG_WARN_ENUM_CONVERSION = YES;
				CLANG_WARN_INFINITE_RECURSION = YES;
				CLANG_WARN_INT_CONVERSION = YES;
				CLANG_WARN_OBJC_ROOT_CLASS = YES_ERROR;
				CLANG_WARN_SUSPICIOUS_MOVE = YES;
				CLANG_WARN_UNREACHABLE_CODE = YES;
				CLANG_WARN__DUPLICATE_METHOD_MATCH = YES;
				CODE_SIGN_IDENTITY = "-";
				COPY_PHASE_STRIP = NO;
				DEBUG_INFORMATION_FORMAT = dwarf;
				ENABLE_STRICT_OBJC_MSGSEND = YES;
				ENABLE_TESTABILITY = YES;
				GCC_C_LANGUAGE_STANDARD = gnu99;
				GCC_DYNAMIC_NO_PIC = NO;
				GCC_NO_COMMON_BLOCKS = YES;
				GCC_OPTIMIZATION_LEVEL = 0;
				GCC_PREPROCESSOR_DEFINITIONS = (
					"DEBUG=1",
					"$(inherited)",
				);
				GCC_WARN_64_TO_32_BIT_CONVERSION = YES;
				GCC_WARN_ABOUT_RETURN_TYPE = YES_ERROR;
				GCC_WARN_UNDECLARED_SELECTOR = YES;
				GCC_WARN_UNINITIALIZED_AUTOS = YES_AGGRESSIVE;
				GCC_WARN_UNUSED_FUNCTION = YES;
				GCC_WARN_UNUSED_VARIABLE = YES;
				MACOSX_DEPLOYMENT_TARGET = 10.12;
				MTL_ENABLE_DEBUG_INFO = YES;
				ONLY_ACTIVE_ARCH = YES;
				SDKROOT = macosx;
			};
			name = Debug;
		};
		B3008B141ECB387200F6385F /* Release */ = {
			isa = XCBuildConfiguration;
			buildSettings = {
				ALWAYS_SEARCH_USER_PATHS = NO;
				CLANG_ANALYZER_NONNULL = YES;
				CLANG_ANALYZER_NUMBER_OBJECT_CONVERSION = YES_AGGRESSIVE;
				CLANG_CXX_LANGUAGE_STANDARD = "gnu++0x";
				CLANG_CXX_LIBRARY = "libc++";
				CLANG_ENABLE_MODULES = YES;
				CLANG_ENABLE_OBJC_ARC = YES;
				CLANG_WARN_BOOL_CONVERSION = YES;
				CLANG_WARN_CONSTANT_CONVERSION = YES;
				CLANG_WARN_DIRECT_OBJC_ISA_USAGE = YES_ERROR;
				CLANG_WARN_DOCUMENTATION_COMMENTS = YES;
				CLANG_WARN_EMPTY_BODY = YES;
				CLANG_WARN_ENUM_CONVERSION = YES;
				CLANG_WARN_INFINITE_RECURSION = YES;
				CLANG_WARN_INT_CONVERSION = YES;
				CLANG_WARN_OBJC_ROOT_CLASS = YES_ERROR;
				CLANG_WARN_SUSPICIOUS_MOVE = YES;
				CLANG_WARN_UNREACHABLE_CODE = YES;
				CLANG_WARN__DUPLICATE_METHOD_MATCH = YES;
				CODE_SIGN_IDENTITY = "-";
				COPY_PHASE_STRIP = NO;
				DEBUG_INFORMATION_FORMAT = "dwarf-with-dsym";
				ENABLE_NS_ASSERTIONS = NO;
				ENABLE_STRICT_OBJC_MSGSEND = YES;
				GCC_C_LANGUAGE_STANDARD = gnu99;
				GCC_NO_COMMON_BLOCKS = YES;
				GCC_WARN_64_TO_32_BIT_CONVERSION = YES;
				GCC_WARN_ABOUT_RETURN_TYPE = YES_ERROR;
				GCC_WARN_UNDECLARED_SELECTOR = YES;
				GCC_WARN_UNINITIALIZED_AUTOS = YES_AGGRESSIVE;
				GCC_WARN_UNUSED_FUNCTION = YES;
				GCC_WARN_UNUSED_VARIABLE = YES;
				MACOSX_DEPLOYMENT_TARGET = 10.12;
				MTL_ENABLE_DEBUG_INFO = NO;
				SDKROOT = macosx;
			};
			name = Release;
		};
		B3008B161ECB387200F6385F /* Debug */ = {
			isa = XCBuildConfiguration;
			buildSettings = {
				ASSETCATALOG_COMPILER_APPICON_NAME = AppIcon;
				COMBINE_HIDPI_IMAGES = YES;
				DEVELOPMENT_TEAM = 995ALN287J;
				INFOPLIST_FILE = focus_stack/Info.plist;
				LD_RUNPATH_SEARCH_PATHS = "$(inherited) @executable_path/../Frameworks";
				MACOSX_DEPLOYMENT_TARGET = 10.10;
				PRODUCT_BUNDLE_IDENTIFIER = "uk.org.banstead.focus-stack";
				PRODUCT_NAME = "$(TARGET_NAME)";
			};
			name = Debug;
		};
		B3008B171ECB387200F6385F /* Release */ = {
			isa = XCBuildConfiguration;
			buildSettings = {
				ASSETCATALOG_COMPILER_APPICON_NAME = AppIcon;
				COMBINE_HIDPI_IMAGES = YES;
				DEVELOPMENT_TEAM = 995ALN287J;
				INFOPLIST_FILE = focus_stack/Info.plist;
				LD_RUNPATH_SEARCH_PATHS = "$(inherited) @executable_path/../Frameworks";
				MACOSX_DEPLOYMENT_TARGET = 10.10;
				PRODUCT_BUNDLE_IDENTIFIER = "uk.org.banstead.focus-stack";
				PRODUCT_NAME = "$(TARGET_NAME)";
			};
			name = Release;
		};
		B3008B191ECB387200F6385F /* Debug */ = {
			isa = XCBuildConfiguration;
			buildSettings = {
				BUNDLE_LOADER = "$(TEST_HOST)";
				COMBINE_HIDPI_IMAGES = YES;
				DEVELOPMENT_TEAM = 995ALN287J;
				INFOPLIST_FILE = focus_stackTests/Info.plist;
				LD_RUNPATH_SEARCH_PATHS = "$(inherited) @executable_path/../Frameworks @loader_path/../Frameworks";
				PRODUCT_BUNDLE_IDENTIFIER = "uk.org.banstead.focus-stackTests";
				PRODUCT_NAME = "$(TARGET_NAME)";
				TEST_HOST = "$(BUILT_PRODUCTS_DIR)/focus_stack.app/Contents/MacOS/focus_stack";
			};
			name = Debug;
		};
		B3008B1A1ECB387200F6385F /* Release */ = {
			isa = XCBuildConfiguration;
			buildSettings = {
				BUNDLE_LOADER = "$(TEST_HOST)";
				COMBINE_HIDPI_IMAGES = YES;
				DEVELOPMENT_TEAM = 995ALN287J;
				INFOPLIST_FILE = focus_stackTests/Info.plist;
				LD_RUNPATH_SEARCH_PATHS = "$(inherited) @executable_path/../Frameworks @loader_path/../Frameworks";
				PRODUCT_BUNDLE_IDENTIFIER = "uk.org.banstead.focus-stackTests";
				PRODUCT_NAME = "$(TARGET_NAME)";
				TEST_HOST = "$(BUILT_PRODUCTS_DIR)/focus_stack.app/Contents/MacOS/focus_stack";
			};
			name = Release;
		};
		B3008B1C1ECB387200F6385F /* Debug */ = {
			isa = XCBuildConfiguration;
			buildSettings = {
				COMBINE_HIDPI_IMAGES = YES;
				DEVELOPMENT_TEAM = 995ALN287J;
				INFOPLIST_FILE = focus_stackUITests/Info.plist;
				LD_RUNPATH_SEARCH_PATHS = "$(inherited) @executable_path/../Frameworks @loader_path/../Frameworks";
				PRODUCT_BUNDLE_IDENTIFIER = "uk.org.banstead.focus-stackUITests";
				PRODUCT_NAME = "$(TARGET_NAME)";
				TEST_TARGET_NAME = focus_stack;
			};
			name = Debug;
		};
		B3008B1D1ECB387200F6385F /* Release */ = {
			isa = XCBuildConfiguration;
			buildSettings = {
				COMBINE_HIDPI_IMAGES = YES;
				DEVELOPMENT_TEAM = 995ALN287J;
				INFOPLIST_FILE = focus_stackUITests/Info.plist;
				LD_RUNPATH_SEARCH_PATHS = "$(inherited) @executable_path/../Frameworks @loader_path/../Frameworks";
				PRODUCT_BUNDLE_IDENTIFIER = "uk.org.banstead.focus-stackUITests";
				PRODUCT_NAME = "$(TARGET_NAME)";
				TEST_TARGET_NAME = focus_stack;
			};
			name = Release;
		};
/* End XCBuildConfiguration section */

/* Begin XCConfigurationList section */
		B3008AE61ECB387200F6385F /* Build configuration list for PBXProject "focus_stack" */ = {
			isa = XCConfigurationList;
			buildConfigurations = (
				B3008B131ECB387200F6385F /* Debug */,
				B3008B141ECB387200F6385F /* Release */,
			);
			defaultConfigurationIsVisible = 0;
			defaultConfigurationName = Release;
		};
		B3008B151ECB387200F6385F /* Build configuration list for PBXNativeTarget "focus_stack" */ = {
			isa = XCConfigurationList;
			buildConfigurations = (
				B3008B161ECB387200F6385F /* Debug */,
				B3008B171ECB387200F6385F /* Release */,
			);
			defaultConfigurationIsVisible = 0;
			defaultConfigurationName = Release;
		};
		B3008B181ECB387200F6385F /* Build configuration list for PBXNativeTarget "focus_stackTests" */ = {
			isa = XCConfigurationList;
			buildConfigurations = (
				B3008B191ECB387200F6385F /* Debug */,
				B3008B1A1ECB387200F6385F /* Release */,
			);
			defaultConfigurationIsVisible = 0;
			defaultConfigurationName = Release;
		};
		B3008B1B1ECB387200F6385F /* Build configuration list for PBXNativeTarget "focus_stackUITests" */ = {
			isa = XCConfigurationList;
			buildConfigurations = (
				B3008B1C1ECB387200F6385F /* Debug */,
				B3008B1D1ECB387200F6385F /* Release */,
			);
			defaultConfigurationIsVisible = 0;
			defaultConfigurationName = Release;
		};
/* End XCConfigurationList section */
	};
	rootObject = B3008AE31ECB387200F6385F /* Project object */;
}
